{
  "name": "www",
  "lockfileVersion": 3,
  "requires": true,
  "packages": {
    "": {
      "dependencies": {
        "htmx.org": "^2.0.3",
        "monaco-editor": "^0.51.0",
        "reportobello": "^1.2.1",
        "typer-dot-js": "^0.1.0"
      }
    },
    "node_modules/htmx.org": {
      "version": "2.0.3",
      "resolved": "https://registry.npmjs.org/htmx.org/-/htmx.org-2.0.3.tgz",
      "integrity": "sha512-AeoJUAjkCVVajbfKX+3sVQBTCt8Ct4lif1T+z/tptTXo8+8yyq3QIMQQe/IT+R8ssfrO1I0DeX4CAronzCL6oA==",
      "license": "0BSD"
    },
    "node_modules/monaco-editor": {
      "version": "0.51.0",
      "resolved": "https://registry.npmjs.org/monaco-editor/-/monaco-editor-0.51.0.tgz",
      "integrity": "sha512-xaGwVV1fq343cM7aOYB6lVE4Ugf0UyimdD/x5PWcWBMKENwectaEu77FAN7c5sFiyumqeJdX1RPTh1ocioyDjw==",
      "license": "MIT"
    },
    "node_modules/reportobello": {
      "version": "1.2.1",
      "resolved": "https://registry.npmjs.org/reportobello/-/reportobello-1.2.1.tgz",
      "integrity": "sha512-abIOUH7xlBpMH46xQ+5EliCPgAzXaBk18yJ+1+dva+MoHZg1KfUQrdv80Y/5CneeY4YGWbONepwhrBlZTExdHA==",
      "license": "LGPL-3.0-or-later"
    },
    "node_modules/typer-dot-js": {
      "version": "0.1.0",
      "resolved": "https://registry.npmjs.org/typer-dot-js/-/typer-dot-js-0.1.0.tgz",
      "integrity": "sha512-7vvOif7rPsATyCFv6+ojLdsnB506mW11uRltIrblSWTDvAOhIYDiRoslv0RMkQJx0R9PyvL+Y6M0m3toPfErPA==",
      "license": "MIT"
    }
  }
}
